# This file is autogenerated, do not edit; changes may be undone by the next 'dep ensure'.


[[projects]]
  name = "github.com/golang/protobuf"
  packages = ["proto"]
  revision = "c9c7427a2a70d2eb3bafa0ab2dc163e45f143317"

[[projects]]
  name = "github.com/kelseyhightower/envconfig"
  packages = ["."]
  revision = "f611eb38b3875cc3bd991ca91c51d06446afa14c"
  version = "v1.3.0"

[[projects]]
  branch = "master"
  name = "github.com/mitchellh/goamz"
  packages = ["aws","s3"]
  revision = "caaaea8b30ee15616494ee68abd5d8ebbbef05cf"

[[projects]]
  branch = "master"
  name = "github.com/stacktic/dropbox"
  packages = ["."]
  revision = "58f839b21094d5e0af7caf613599830589233d20"

[[projects]]
  branch = "master"
  name = "github.com/vaughan0/go-ini"
  packages = ["."]
  revision = "a98ad7ee00ec53921f08832bc06ecf7fd600e6a1"

[[projects]]
  name = "golang.org/x/net"
  packages = ["context"]
  revision = "6c23252515492caf9b228a9d5cabcdbde29f7f82"

[[projects]]
  name = "golang.org/x/oauth2"
  packages = [".","internal"]
  revision = "7fdf09982454086d5570c7db3e11f360194830ca"

[[projects]]
  name = "google.golang.org/appengine"
  packages = ["internal","internal/base","internal/datastore","internal/log","internal/remote_api","internal/urlfetch","urlfetch"]
  revision = "56d253d1dd14aa01937e12c73a0971bcfd797ff2"

[solve-meta]
  analyzer-name = "dep"
  analyzer-version = 1
  inputs-digest = "cd16643a101c42fab9a516f19666a10f6c6967b59c33486e8805c31ea8b5f1b6"
  solver-name = "gps-cdcl"
  solver-version = 1
